{
  "name": "js_tutorial",
  "lockfileVersion": 3,
  "requires": true,
  "packages": {
    "": {
      "dependencies": {
        "akinsm-palindrome": "^0.1.0"
      }
    },
    "node_modules/akinsm-palindrome": {
      "version": "0.1.0",
      "resolved": "https://registry.npmjs.org/akinsm-palindrome/-/akinsm-palindrome-0.1.0.tgz",
      "integrity": "sha512-u8eU+7u9u+7gy37cpr+TpKqcybAQRDKD66XDBA3CMFlkR4XsYkzHvwrtyjuVpyQPofRR8bUbZduImmyGEPuq3w=="
    }
  }
}
